{
  "name": "stu-multi-idp",
  "version": "0.1.0",
  "lockfileVersion": 3,
  "requires": true,
  "packages": {
    "": {
      "name": "stu-multi-idp",
      "version": "0.1.0",
      "dependencies": {
        "@azure/msal-browser": "^3.23.0"
      }
    },
    "node_modules/@azure/msal-browser": {
      "version": "3.30.0",
      "resolved": "https://registry.npmjs.org/@azure/msal-browser/-/msal-browser-3.30.0.tgz",
      "integrity": "sha512-I0XlIGVdM4E9kYP5eTjgW8fgATdzwxJvQ6bm2PNiHaZhEuUz47NYw1xHthC9R+lXz4i9zbShS0VdLyxd7n0GGA==",
      "license": "MIT",
      "dependencies": {
        "@azure/msal-common": "14.16.1"
      },
      "engines": {
        "node": ">=0.8.0"
      }
    },
    "node_modules/@azure/msal-common": {
      "version": "14.16.1",
      "resolved": "https://registry.npmjs.org/@azure/msal-common/-/msal-common-14.16.1.tgz",
      "integrity": "sha512-nyxsA6NA4SVKh5YyRpbSXiMr7oQbwark7JU9LMeg6tJYTSPyAGkdx61wPT4gyxZfxlSxMMEyAsWaubBlNyIa1w==",
      "license": "MIT",
      "engines": {
        "node": ">=0.8.0"
      }
    }
  }
}
