{
  "name": "stu-multi-idp",
  "version": "0.1.0",
  "lockfileVersion": 3,
  "requires": true,
  "packages": {
    "": {
      "name": "stu-multi-idp",
      "version": "0.1.0",
      "dependencies": {
        "@azure/msal-browser": "^5.6.3"
      }
    },
    "node_modules/@azure/msal-browser": {
      "version": "5.6.3",
      "resolved": "https://registry.npmjs.org/@azure/msal-browser/-/msal-browser-5.6.3.tgz",
      "integrity": "sha512-sTjMtUm+bJpENU/1WlRzHEsgEHppZDZ1EtNyaOODg/sQBtMxxJzGB+MOCM+T2Q5Qe1fKBrdxUmjyRxm0r7Ez9w==",
      "license": "MIT",
      "dependencies": {
        "@azure/msal-common": "16.4.1"
      },
      "engines": {
        "node": ">=0.8.0"
      }
    },
    "node_modules/@azure/msal-common": {
      "version": "16.4.1",
      "resolved": "https://registry.npmjs.org/@azure/msal-common/-/msal-common-16.4.1.tgz",
      "integrity": "sha512-Bl8f+w37xkXsYh7QRkAKCFGYtWMYuOVO7Lv+BxILrvGz3HbIEF22Pt0ugyj0QPOl6NLrHcnNUQ9yeew98P/5iw==",
      "license": "MIT",
      "engines": {
        "node": ">=0.8.0"
      }
    }
  }
}
